
Microsoft Visual Studio Solution File, Format Version 12.00
# Visual Studio 15
VisualStudioVersion = 15.0.26430.6
MinimumVisualStudioVersion = 10.0.40219.1
Project("{FAE04EC0-301F-11D3-BF4B-00C04F79EFBC}") = "Easy Watermark", "Easy Watermark\Easy Watermark.csproj", "{7AB92579-C661-4A24-B664-6628C06318ED}"
EndProject
Project("{2150E333-8FDC-42A3-9474-1A3956D46DE8}") = "Solution Items", "Solution Items", "{FD520806-B3A8-4A64-B0D4-D4789AA7C873}"
	ProjectSection(SolutionItems) = preProject
		README.md = README.md
	EndProjectSection
EndProject
Project("{FAE04EC0-301F-11D3-BF4B-00C04F79EFBC}") = "Easy Watermark.Tests", "Easy Watermark.Tests\Easy Watermark.Tests.csproj", "{DB942D5D-FC14-4C15-9BE1-148836AD3BBD}"
	ProjectSection(ProjectDependencies) = postProject
		{7AB92579-C661-4A24-B664-6628C06318ED} = {7AB92579-C661-4A24-B664-6628C06318ED}
	EndProjectSection
EndProject
Global
	GlobalSection(SolutionConfigurationPlatforms) = preSolution
		Debug|Any CPU = Debug|Any CPU
		Release|Any CPU = Release|Any CPU
	EndGlobalSection
	GlobalSection(ProjectConfigurationPlatforms) = postSolution
		{7AB92579-C661-4A24-B664-6628C06318ED}.Debug|Any CPU.ActiveCfg = Debug|Any CPU
		{7AB92579-C661-4A24-B664-6628C06318ED}.Debug|Any CPU.Build.0 = Debug|Any CPU
		{7AB92579-C661-4A24-B664-6628C06318ED}.Release|Any CPU.ActiveCfg = Release|Any CPU
		{7AB92579-C661-4A24-B664-6628C06318ED}.Release|Any CPU.Build.0 = Release|Any CPU
		{DB942D5D-FC14-4C15-9BE1-148836AD3BBD}.Debug|Any CPU.ActiveCfg = Debug|Any CPU
		{DB942D5D-FC14-4C15-9BE1-148836AD3BBD}.Debug|Any CPU.Build.0 = Debug|Any CPU
		{DB942D5D-FC14-4C15-9BE1-148836AD3BBD}.Release|Any CPU.ActiveCfg = Release|Any CPU
		{DB942D5D-FC14-4C15-9BE1-148836AD3BBD}.Release|Any CPU.Build.0 = Release|Any CPU
	EndGlobalSection
	GlobalSection(SolutionProperties) = preSolution
		HideSolutionNode = FALSE
	EndGlobalSection
EndGlobal
